
Microsoft Visual Studio Solution File, Format Version 10.00
# Visual Studio 2008
Project("{FAE04EC0-301F-11D3-BF4B-00C04F79EFBC}") = "BeverDrive.Ibus", "BeverDrive.Ibus\BeverDrive.Ibus.csproj", "{A2AEC3AE-26A4-4F08-B3F4-52E80A40CD29}"
EndProject
Project("{FAE04EC0-301F-11D3-BF4B-00C04F79EFBC}") = "BeverDrive.Tests", "BeverDrive.Tests\BeverDrive.Tests.csproj", "{5244B407-88B9-483E-9448-885ED3039D92}"
EndProject
Project("{FAE04EC0-301F-11D3-BF4B-00C04F79EFBC}") = "BeverDrive.Ibus.Tests", "BeverDrive.Ibus.Tests\BeverDrive.Ibus.Tests.csproj", "{F8108242-E458-4DAD-9BF5-D75473A34797}"
EndProject
Project("{2150E333-8FDC-42A3-9474-1A3956D46DE8}") = "Application", "Application", "{D351BDDD-4C21-4FDA-AC12-F1B74B554C09}"
EndProject
Project("{2150E333-8FDC-42A3-9474-1A3956D46DE8}") = "Testing", "Testing", "{D31F3751-8225-40AF-B63D-3B6A7D8F7956}"
EndProject
Project("{2150E333-8FDC-42A3-9474-1A3956D46DE8}") = "Tools", "Tools", "{92E83EF5-DD46-46D0-8A89-C6BF9C3C47FE}"
EndProject
Project("{FAE04EC0-301F-11D3-BF4B-00C04F79EFBC}") = "BeverDrive.IbusEmulator", "BeverDrive.IbusEmulator\BeverDrive.IbusEmulator.csproj", "{D4E97E28-88F1-4340-8C1D-22601E0F72AE}"
EndProject
Project("{FAE04EC0-301F-11D3-BF4B-00C04F79EFBC}") = "BeverDrive", "BeverDrive\BeverDrive.csproj", "{07B0F930-F4ED-443D-8BCB-19AD1E3813BB}"
EndProject
Global
	GlobalSection(SolutionConfigurationPlatforms) = preSolution
		Debug_WPF|Any CPU = Debug_WPF|Any CPU
		Debug_WPF|Mixed Platforms = Debug_WPF|Mixed Platforms
		Debug_WPF|Win32 = Debug_WPF|Win32
		Debug_WPF|x86 = Debug_WPF|x86
		Debug|Any CPU = Debug|Any CPU
		Debug|Mixed Platforms = Debug|Mixed Platforms
		Debug|Win32 = Debug|Win32
		Debug|x86 = Debug|x86
		Release|Any CPU = Release|Any CPU
		Release|Mixed Platforms = Release|Mixed Platforms
		Release|Win32 = Release|Win32
		Release|x86 = Release|x86
	EndGlobalSection
	GlobalSection(ProjectConfigurationPlatforms) = postSolution
		{A2AEC3AE-26A4-4F08-B3F4-52E80A40CD29}.Debug_WPF|Any CPU.ActiveCfg = Debug|Any CPU
		{A2AEC3AE-26A4-4F08-B3F4-52E80A40CD29}.Debug_WPF|Any CPU.Build.0 = Debug|Any CPU
		{A2AEC3AE-26A4-4F08-B3F4-52E80A40CD29}.Debug_WPF|Mixed Platforms.ActiveCfg = Debug|Any CPU
		{A2AEC3AE-26A4-4F08-B3F4-52E80A40CD29}.Debug_WPF|Mixed Platforms.Build.0 = Debug|Any CPU
		{A2AEC3AE-26A4-4F08-B3F4-52E80A40CD29}.Debug_WPF|Win32.ActiveCfg = Debug|Any CPU
		{A2AEC3AE-26A4-4F08-B3F4-52E80A40CD29}.Debug_WPF|x86.ActiveCfg = Debug|Any CPU
		{A2AEC3AE-26A4-4F08-B3F4-52E80A40CD29}.Debug|Any CPU.ActiveCfg = Debug|Any CPU
		{A2AEC3AE-26A4-4F08-B3F4-52E80A40CD29}.Debug|Any CPU.Build.0 = Debug|Any CPU
		{A2AEC3AE-26A4-4F08-B3F4-52E80A40CD29}.Debug|Mixed Platforms.ActiveCfg = Debug|Any CPU
		{A2AEC3AE-26A4-4F08-B3F4-52E80A40CD29}.Debug|Mixed Platforms.Build.0 = Debug|Any CPU
		{A2AEC3AE-26A4-4F08-B3F4-52E80A40CD29}.Debug|Win32.ActiveCfg = Debug|Any CPU
		{A2AEC3AE-26A4-4F08-B3F4-52E80A40CD29}.Debug|x86.ActiveCfg = Debug|Any CPU
		{A2AEC3AE-26A4-4F08-B3F4-52E80A40CD29}.Release|Any CPU.ActiveCfg = Release|Any CPU
		{A2AEC3AE-26A4-4F08-B3F4-52E80A40CD29}.Release|Any CPU.Build.0 = Release|Any CPU
		{A2AEC3AE-26A4-4F08-B3F4-52E80A40CD29}.Release|Mixed Platforms.ActiveCfg = Release|Any CPU
		{A2AEC3AE-26A4-4F08-B3F4-52E80A40CD29}.Release|Mixed Platforms.Build.0 = Release|Any CPU
		{A2AEC3AE-26A4-4F08-B3F4-52E80A40CD29}.Release|Win32.ActiveCfg = Release|Any CPU
		{A2AEC3AE-26A4-4F08-B3F4-52E80A40CD29}.Release|x86.ActiveCfg = Release|Any CPU
		{5244B407-88B9-483E-9448-885ED3039D92}.Debug_WPF|Any CPU.ActiveCfg = Debug|Any CPU
		{5244B407-88B9-483E-9448-885ED3039D92}.Debug_WPF|Any CPU.Build.0 = Debug|Any CPU
		{5244B407-88B9-483E-9448-885ED3039D92}.Debug_WPF|Mixed Platforms.ActiveCfg = Debug|Any CPU
		{5244B407-88B9-483E-9448-885ED3039D92}.Debug_WPF|Mixed Platforms.Build.0 = Debug|Any CPU
		{5244B407-88B9-483E-9448-885ED3039D92}.Debug_WPF|Win32.ActiveCfg = Debug|Any CPU
		{5244B407-88B9-483E-9448-885ED3039D92}.Debug_WPF|x86.ActiveCfg = Debug|Any CPU
		{5244B407-88B9-483E-9448-885ED3039D92}.Debug|Any CPU.ActiveCfg = Debug|Any CPU
		{5244B407-88B9-483E-9448-885ED3039D92}.Debug|Any CPU.Build.0 = Debug|Any CPU
		{5244B407-88B9-483E-9448-885ED3039D92}.Debug|Mixed Platforms.ActiveCfg = Debug|Any CPU
		{5244B407-88B9-483E-9448-885ED3039D92}.Debug|Mixed Platforms.Build.0 = Debug|Any CPU
		{5244B407-88B9-483E-9448-885ED3039D92}.Debug|Win32.ActiveCfg = Debug|Any CPU
		{5244B407-88B9-483E-9448-885ED3039D92}.Debug|x86.ActiveCfg = Debug|Any CPU
		{5244B407-88B9-483E-9448-885ED3039D92}.Release|Any CPU.ActiveCfg = Release|Any CPU
		{5244B407-88B9-483E-9448-885ED3039D92}.Release|Any CPU.Build.0 = Release|Any CPU
		{5244B407-88B9-483E-9448-885ED3039D92}.Release|Mixed Platforms.ActiveCfg = Release|Any CPU
		{5244B407-88B9-483E-9448-885ED3039D92}.Release|Mixed Platforms.Build.0 = Release|Any CPU
		{5244B407-88B9-483E-9448-885ED3039D92}.Release|Win32.ActiveCfg = Release|Any CPU
		{5244B407-88B9-483E-9448-885ED3039D92}.Release|x86.ActiveCfg = Release|Any CPU
		{F8108242-E458-4DAD-9BF5-D75473A34797}.Debug_WPF|Any CPU.ActiveCfg = Debug|Any CPU
		{F8108242-E458-4DAD-9BF5-D75473A34797}.Debug_WPF|Any CPU.Build.0 = Debug|Any CPU
		{F8108242-E458-4DAD-9BF5-D75473A34797}.Debug_WPF|Mixed Platforms.ActiveCfg = Debug|Any CPU
		{F8108242-E458-4DAD-9BF5-D75473A34797}.Debug_WPF|Mixed Platforms.Build.0 = Debug|Any CPU
		{F8108242-E458-4DAD-9BF5-D75473A34797}.Debug_WPF|Win32.ActiveCfg = Debug|Any CPU
		{F8108242-E458-4DAD-9BF5-D75473A34797}.Debug_WPF|x86.ActiveCfg = Debug|Any CPU
		{F8108242-E458-4DAD-9BF5-D75473A34797}.Debug|Any CPU.ActiveCfg = Debug|Any CPU
		{F8108242-E458-4DAD-9BF5-D75473A34797}.Debug|Any CPU.Build.0 = Debug|Any CPU
		{F8108242-E458-4DAD-9BF5-D75473A34797}.Debug|Mixed Platforms.ActiveCfg = Debug|Any CPU
		{F8108242-E458-4DAD-9BF5-D75473A34797}.Debug|Mixed Platforms.Build.0 = Debug|Any CPU
		{F8108242-E458-4DAD-9BF5-D75473A34797}.Debug|Win32.ActiveCfg = Debug|Any CPU
		{F8108242-E458-4DAD-9BF5-D75473A34797}.Debug|x86.ActiveCfg = Debug|Any CPU
		{F8108242-E458-4DAD-9BF5-D75473A34797}.Release|Any CPU.ActiveCfg = Release|Any CPU
		{F8108242-E458-4DAD-9BF5-D75473A34797}.Release|Any CPU.Build.0 = Release|Any CPU
		{F8108242-E458-4DAD-9BF5-D75473A34797}.Release|Mixed Platforms.ActiveCfg = Release|Any CPU
		{F8108242-E458-4DAD-9BF5-D75473A34797}.Release|Mixed Platforms.Build.0 = Release|Any CPU
		{F8108242-E458-4DAD-9BF5-D75473A34797}.Release|Win32.ActiveCfg = Release|Any CPU
		{F8108242-E458-4DAD-9BF5-D75473A34797}.Release|x86.ActiveCfg = Release|Any CPU
		{D4E97E28-88F1-4340-8C1D-22601E0F72AE}.Debug_WPF|Any CPU.ActiveCfg = Debug|Any CPU
		{D4E97E28-88F1-4340-8C1D-22601E0F72AE}.Debug_WPF|Any CPU.Build.0 = Debug|Any CPU
		{D4E97E28-88F1-4340-8C1D-22601E0F72AE}.Debug_WPF|Mixed Platforms.ActiveCfg = Debug|Any CPU
		{D4E97E28-88F1-4340-8C1D-22601E0F72AE}.Debug_WPF|Mixed Platforms.Build.0 = Debug|Any CPU
		{D4E97E28-88F1-4340-8C1D-22601E0F72AE}.Debug_WPF|Win32.ActiveCfg = Debug|Any CPU
		{D4E97E28-88F1-4340-8C1D-22601E0F72AE}.Debug_WPF|x86.ActiveCfg = Debug|Any CPU
		{D4E97E28-88F1-4340-8C1D-22601E0F72AE}.Debug|Any CPU.ActiveCfg = Debug|Any CPU
		{D4E97E28-88F1-4340-8C1D-22601E0F72AE}.Debug|Any CPU.Build.0 = Debug|Any CPU
		{D4E97E28-88F1-4340-8C1D-22601E0F72AE}.Debug|Mixed Platforms.ActiveCfg = Debug|Any CPU
		{D4E97E28-88F1-4340-8C1D-22601E0F72AE}.Debug|Mixed Platforms.Build.0 = Debug|Any CPU
		{D4E97E28-88F1-4340-8C1D-22601E0F72AE}.Debug|Win32.ActiveCfg = Debug|Any CPU
		{D4E97E28-88F1-4340-8C1D-22601E0F72AE}.Debug|x86.ActiveCfg = Debug|Any CPU
		{D4E97E28-88F1-4340-8C1D-22601E0F72AE}.Release|Any CPU.ActiveCfg = Release|Any CPU
		{D4E97E28-88F1-4340-8C1D-22601E0F72AE}.Release|Any CPU.Build.0 = Release|Any CPU
		{D4E97E28-88F1-4340-8C1D-22601E0F72AE}.Release|Mixed Platforms.ActiveCfg = Release|Any CPU
		{D4E97E28-88F1-4340-8C1D-22601E0F72AE}.Release|Mixed Platforms.Build.0 = Release|Any CPU
		{D4E97E28-88F1-4340-8C1D-22601E0F72AE}.Release|Win32.ActiveCfg = Release|Any CPU
		{D4E97E28-88F1-4340-8C1D-22601E0F72AE}.Release|x86.ActiveCfg = Release|Any CPU
		{07B0F930-F4ED-443D-8BCB-19AD1E3813BB}.Debug_WPF|Any CPU.ActiveCfg = Debug|Any CPU
		{07B0F930-F4ED-443D-8BCB-19AD1E3813BB}.Debug_WPF|Any CPU.Build.0 = Debug|Any CPU
		{07B0F930-F4ED-443D-8BCB-19AD1E3813BB}.Debug_WPF|Mixed Platforms.ActiveCfg = Debug|Any CPU
		{07B0F930-F4ED-443D-8BCB-19AD1E3813BB}.Debug_WPF|Mixed Platforms.Build.0 = Debug|Any CPU
		{07B0F930-F4ED-443D-8BCB-19AD1E3813BB}.Debug_WPF|Win32.ActiveCfg = Debug|Any CPU
		{07B0F930-F4ED-443D-8BCB-19AD1E3813BB}.Debug_WPF|x86.ActiveCfg = Debug|Any CPU
		{07B0F930-F4ED-443D-8BCB-19AD1E3813BB}.Debug|Any CPU.ActiveCfg = Debug|Any CPU
		{07B0F930-F4ED-443D-8BCB-19AD1E3813BB}.Debug|Any CPU.Build.0 = Debug|Any CPU
		{07B0F930-F4ED-443D-8BCB-19AD1E3813BB}.Debug|Mixed Platforms.ActiveCfg = Debug|Any CPU
		{07B0F930-F4ED-443D-8BCB-19AD1E3813BB}.Debug|Mixed Platforms.Build.0 = Debug|Any CPU
		{07B0F930-F4ED-443D-8BCB-19AD1E3813BB}.Debug|Win32.ActiveCfg = Debug|Any CPU
		{07B0F930-F4ED-443D-8BCB-19AD1E3813BB}.Debug|x86.ActiveCfg = Debug|Any CPU
		{07B0F930-F4ED-443D-8BCB-19AD1E3813BB}.Release|Any CPU.ActiveCfg = Release|Any CPU
		{07B0F930-F4ED-443D-8BCB-19AD1E3813BB}.Release|Any CPU.Build.0 = Release|Any CPU
		{07B0F930-F4ED-443D-8BCB-19AD1E3813BB}.Release|Mixed Platforms.ActiveCfg = Release|Any CPU
		{07B0F930-F4ED-443D-8BCB-19AD1E3813BB}.Release|Mixed Platforms.Build.0 = Release|Any CPU
		{07B0F930-F4ED-443D-8BCB-19AD1E3813BB}.Release|Win32.ActiveCfg = Release|Any CPU
		{07B0F930-F4ED-443D-8BCB-19AD1E3813BB}.Release|x86.ActiveCfg = Release|Any CPU
	EndGlobalSection
	GlobalSection(SolutionProperties) = preSolution
		HideSolutionNode = FALSE
	EndGlobalSection
	GlobalSection(NestedProjects) = preSolution
		{A2AEC3AE-26A4-4F08-B3F4-52E80A40CD29} = {D351BDDD-4C21-4FDA-AC12-F1B74B554C09}
		{07B0F930-F4ED-443D-8BCB-19AD1E3813BB} = {D351BDDD-4C21-4FDA-AC12-F1B74B554C09}
		{F8108242-E458-4DAD-9BF5-D75473A34797} = {D31F3751-8225-40AF-B63D-3B6A7D8F7956}
		{5244B407-88B9-483E-9448-885ED3039D92} = {D31F3751-8225-40AF-B63D-3B6A7D8F7956}
		{D4E97E28-88F1-4340-8C1D-22601E0F72AE} = {92E83EF5-DD46-46D0-8A89-C6BF9C3C47FE}
	EndGlobalSection
EndGlobal
